
Microsoft Visual Studio Solution File, Format Version 12.00
Project("{FAE04EC0-301F-11D3-BF4B-00C04F79EFBC}") = "Jiayi.UI", "Jiayi.UI\Jiayi.UI.csproj", "{21C928FC-8CDD-420A-8227-1383E1741B52}"
EndProject
Project("{FAE04EC0-301F-11D3-BF4B-00C04F79EFBC}") = "Jiayi.UI.Tests", "Jiayi.UI.Tests\Jiayi.UI.Tests.csproj", "{E40DF8BB-674D-4937-9E05-6272FA7A5B43}"
EndProject
Global
	GlobalSection(SolutionConfigurationPlatforms) = preSolution
		Debug|Any CPU = Debug|Any CPU
		Release|Any CPU = Release|Any CPU
	EndGlobalSection
	GlobalSection(ProjectConfigurationPlatforms) = postSolution
		{21C928FC-8CDD-420A-8227-1383E1741B52}.Debug|Any CPU.ActiveCfg = Debug|Any CPU
		{21C928FC-8CDD-420A-8227-1383E1741B52}.Debug|Any CPU.Build.0 = Debug|Any CPU
		{21C928FC-8CDD-420A-8227-1383E1741B52}.Release|Any CPU.ActiveCfg = Release|Any CPU
		{21C928FC-8CDD-420A-8227-1383E1741B52}.Release|Any CPU.Build.0 = Release|Any CPU
		{E40DF8BB-674D-4937-9E05-6272FA7A5B43}.Debug|Any CPU.ActiveCfg = Debug|Any CPU
		{E40DF8BB-674D-4937-9E05-6272FA7A5B43}.Debug|Any CPU.Build.0 = Debug|Any CPU
		{E40DF8BB-674D-4937-9E05-6272FA7A5B43}.Release|Any CPU.ActiveCfg = Release|Any CPU
		{E40DF8BB-674D-4937-9E05-6272FA7A5B43}.Release|Any CPU.Build.0 = Release|Any CPU
	EndGlobalSection
EndGlobal
